
Microsoft Visual Studio Solution File, Format Version 12.00
# Visual Studio 2012
Project("{FAE04EC0-301F-11D3-BF4B-00C04F79EFBC}") = "PagerSlidingTabStrip", "PagerSlidingTabStrip\PagerSlidingTabStrip.csproj", "{B90CF8BA-41F6-4493-A8B8-424928272C90}"
EndProject
Project("{2150E333-8FDC-42A3-9474-1A3956D46DE8}") = ".nuget", ".nuget", "{AF9756A5-BF59-4DC7-9EED-81915B552C1B}"
	ProjectSection(SolutionItems) = preProject
		.nuget\NuGet.Config = .nuget\NuGet.Config
		.nuget\NuGet.exe = .nuget\NuGet.exe
		.nuget\NuGet.targets = .nuget\NuGet.targets
	EndProjectSection
EndProject
Project("{FAE04EC0-301F-11D3-BF4B-00C04F79EFBC}") = "Example", "Example\Example.csproj", "{E174919B-C66F-4321-BFFE-5A16304EE320}"
EndProject
Project("{2150E333-8FDC-42A3-9474-1A3956D46DE8}") = "Solution Items", "Solution Items", "{B31FA653-5E02-4778-BB5C-98FE04EB7E30}"
	ProjectSection(SolutionItems) = preProject
		.gitignore = .gitignore
	EndProjectSection
EndProject
Global
	GlobalSection(SolutionConfigurationPlatforms) = preSolution
		Debug|Any CPU = Debug|Any CPU
		Release|Any CPU = Release|Any CPU
	EndGlobalSection
	GlobalSection(ProjectConfigurationPlatforms) = postSolution
		{B90CF8BA-41F6-4493-A8B8-424928272C90}.Debug|Any CPU.ActiveCfg = Debug|Any CPU
		{B90CF8BA-41F6-4493-A8B8-424928272C90}.Debug|Any CPU.Build.0 = Debug|Any CPU
		{B90CF8BA-41F6-4493-A8B8-424928272C90}.Release|Any CPU.ActiveCfg = Release|Any CPU
		{B90CF8BA-41F6-4493-A8B8-424928272C90}.Release|Any CPU.Build.0 = Release|Any CPU
		{E174919B-C66F-4321-BFFE-5A16304EE320}.Debug|Any CPU.ActiveCfg = Debug|Any CPU
		{E174919B-C66F-4321-BFFE-5A16304EE320}.Debug|Any CPU.Build.0 = Debug|Any CPU
		{E174919B-C66F-4321-BFFE-5A16304EE320}.Debug|Any CPU.Deploy.0 = Debug|Any CPU
		{E174919B-C66F-4321-BFFE-5A16304EE320}.Release|Any CPU.ActiveCfg = Release|Any CPU
		{E174919B-C66F-4321-BFFE-5A16304EE320}.Release|Any CPU.Build.0 = Release|Any CPU
		{E174919B-C66F-4321-BFFE-5A16304EE320}.Release|Any CPU.Deploy.0 = Release|Any CPU
	EndGlobalSection
	GlobalSection(SolutionProperties) = preSolution
		HideSolutionNode = FALSE
	EndGlobalSection
EndGlobal
